// !$*UTF8*$!
{
	archiveVersion = 1;
	classes = {
	};
	objectVersion = 56;
	objects = {

/* Begin PBXBuildFile section */
		BDA9A5622BB2C13400193DAE /* AppDelegate.swift in Sources */ = {isa = PBXBuildFile; fileRef = BDA9A5612BB2C13400193DAE /* AppDelegate.swift */; };
		BDA9A5642BB2C13400193DAE /* SceneDelegate.swift in Sources */ = {isa = PBXBuildFile; fileRef = BDA9A5632BB2C13400193DAE /* SceneDelegate.swift */; };
		BDA9A5662BB2C13400193DAE /* ViewController.swift in Sources */ = {isa = PBXBuildFile; fileRef = BDA9A5652BB2C13400193DAE /* ViewController.swift */; };
		BDA9A5692BB2C13400193DAE /* Base in Resources */ = {isa = PBXBuildFile; fileRef = BDA9A5682BB2C13400193DAE /* Base */; };
		BDA9A56C2BB2C13400193DAE /* ViewController_LifeCycle.xcdatamodeld in Sources */ = {isa = PBXBuildFile; fileRef = BDA9A56A2BB2C13400193DAE /* ViewController_LifeCycle.xcdatamodeld */; };
		BDA9A56E2BB2C13500193DAE /* Assets.xcassets in Resources */ = {isa = PBXBuildFile; fileRef = BDA9A56D2BB2C13500193DAE /* Assets.xcassets */; };
		BDA9A5712BB2C13500193DAE /* Base in Resources */ = {isa = PBXBuildFile; fileRef = BDA9A5702BB2C13500193DAE /* Base */; };
/* End PBXBuildFile section */

/* Begin PBXFileReference section */
		BDA9A55E2BB2C13400193DAE /* ViewController_LifeCycle.app */ = {isa = PBXFileReference; explicitFileType = wrapper.application; includeInIndex = 0; path = ViewController_LifeCycle.app; sourceTree = BUILT_PRODUCTS_DIR; };
		BDA9A5612BB2C13400193DAE /* AppDelegate.swift */ = {isa = PBXFileReference; lastKnownFileType = sourcecode.swift; path = AppDelegate.swift; sourceTree = "<group>"; };
		BDA9A5632BB2C13400193DAE /* SceneDelegate.swift */ = {isa = PBXFileReference; lastKnownFileType = sourcecode.swift; path = SceneDelegate.swift; sourceTree = "<group>"; };
		BDA9A5652BB2C13400193DAE /* ViewController.swift */ = {isa = PBXFileReference; lastKnownFileType = sourcecode.swift; path = ViewController.swift; sourceTree = "<group>"; };
		BDA9A5682BB2C13400193DAE /* Base */ = {isa = PBXFileReference; lastKnownFileType = file.storyboard; name = Base; path = Base.lproj/Main.storyboard; sourceTree = "<group>"; };
		BDA9A56B2BB2C13400193DAE /* ViewController_LifeCycle.xcdatamodel */ = {isa = PBXFileReference; lastKnownFileType = wrapper.xcdatamodel; path = ViewController_LifeCycle.xcdatamodel; sourceTree = "<group>"; };
		BDA9A56D2BB2C13500193DAE /* Assets.xcassets */ = {isa = PBXFileReference; lastKnownFileType = folder.assetcatalog; path = Assets.xcassets; sourceTree = "<group>"; };
		BDA9A5702BB2C13500193DAE /* Base */ = {isa = PBXFileReference; lastKnownFileType = file.storyboard; name = Base; path = Base.lproj/LaunchScreen.storyboard; sourceTree = "<group>"; };
		BDA9A5722BB2C13500193DAE /* Info.plist */ = {isa = PBXFileReference; lastKnownFileType = text.plist.xml; path = Info.plist; sourceTree = "<group>"; };
/* End PBXFileReference section */

/* Begin PBXFrameworksBuildPhase section */
		BDA9A55B2BB2C13400193DAE /* Frameworks */ = {
			isa = PBXFrameworksBuildPhase;
			buildActionMask = 2147483647;
			files = (
			);
			runOnlyForDeploymentPostprocessing = 0;
		};
/* End PBXFrameworksBuildPhase section */

/* Begin PBXGroup section */
		BDA9A5552BB2C13300193DAE = {
			isa = PBXGroup;
			children = (
				BDA9A5602BB2C13400193DAE /* ViewController_LifeCycle */,
				BDA9A55F2BB2C13400193DAE /* Products */,
			);
			sourceTree = "<group>";
		};
		BDA9A55F2BB2C13400193DAE /* Products */ = {
			isa = PBXGroup;
			children = (
				BDA9A55E2BB2C13400193DAE /* ViewController_LifeCycle.app */,
			);
			name = Products;
			sourceTree = "<group>";
		};
		BDA9A5602BB2C13400193DAE /* ViewController_LifeCycle */ = {
			isa = PBXGroup;
			children = (
				BDA9A5612BB2C13400193DAE /* AppDelegate.swift */,
				BDA9A5632BB2C13400193DAE /* SceneDelegate.swift */,
				BDA9A5652BB2C13400193DAE /* ViewController.swift */,
				BDA9A5672BB2C13400193DAE /* Main.storyboard */,
				BDA9A56D2BB2C13500193DAE /* Assets.xcassets */,
				BDA9A56F2BB2C13500193DAE /* LaunchScreen.storyboard */,
				BDA9A5722BB2C13500193DAE /* Info.plist */,
				BDA9A56A2BB2C13400193DAE /* ViewController_LifeCycle.xcdatamodeld */,
			);
			path = ViewController_LifeCycle;
			sourceTree = "<group>";
		};
/* End PBXGroup section */

/* Begin PBXNativeTarget section */
		BDA9A55D2BB2C13400193DAE /* ViewController_LifeCycle */ = {
			isa = PBXNativeTarget;
			buildConfigurationList = BDA9A5752BB2C13500193DAE /* Build configuration list for PBXNativeTarget "ViewController_LifeCycle" */;
			buildPhases = (
				BDA9A55A2BB2C13400193DAE /* Sources */,
				BDA9A55B2BB2C13400193DAE /* Frameworks */,
				BDA9A55C2BB2C13400193DAE /* Resources */,
			);
			buildRules = (
			);
			dependencies = (
			);
			name = ViewController_LifeCycle;
			productName = ViewController_LifeCycle;
			productReference = BDA9A55E2BB2C13400193DAE /* ViewController_LifeCycle.app */;
			productType = "com.apple.product-type.application";
		};
/* End PBXNativeTarget section */

/* Begin PBXProject section */
		BDA9A5562BB2C13300193DAE /* Project object */ = {
			isa = PBXProject;
			attributes = {
				BuildIndependentTargetsInParallel = 1;
				LastSwiftUpdateCheck = 1530;
				LastUpgradeCheck = 1530;
				TargetAttributes = {
					BDA9A55D2BB2C13400193DAE = {
						CreatedOnToolsVersion = 15.3;
					};
				};
			};
			buildConfigurationList = BDA9A5592BB2C13400193DAE /* Build configuration list for PBXProject "ViewController_LifeCycle" */;
			compatibilityVersion = "Xcode 14.0";
			developmentRegion = en;
			hasScannedForEncodings = 0;
			knownRegions = (
				en,
				Base,
			);
			mainGroup = BDA9A5552BB2C13300193DAE;
			productRefGroup = BDA9A55F2BB2C13400193DAE /* Products */;
			projectDirPath = "";
			projectRoot = "";
			targets = (
				BDA9A55D2BB2C13400193DAE /* ViewController_LifeCycle */,
			);
		};
/* End PBXProject section */

/* Begin PBXResourcesBuildPhase section */
		BDA9A55C2BB2C13400193DAE /* Resources */ = {
			isa = PBXResourcesBuildPhase;
			buildActionMask = 2147483647;
			files = (
				BDA9A56E2BB2C13500193DAE /* Assets.xcassets in Resources */,
				BDA9A5712BB2C13500193DAE /* Base in Resources */,
				BDA9A5692BB2C13400193DAE /* Base in Resources */,
			);
			runOnlyForDeploymentPostprocessing = 0;
		};
/* End PBXResourcesBuildPhase section */

/* Begin PBXSourcesBuildPhase section */
		BDA9A55A2BB2C13400193DAE /* Sources */ = {
			isa = PBXSourcesBuildPhase;
			buildActionMask = 2147483647;
			files = (
				BDA9A5662BB2C13400193DAE /* ViewController.swift in Sources */,
				BDA9A5622BB2C13400193DAE /* AppDelegate.swift in Sources */,
				BDA9A5642BB2C13400193DAE /* SceneDelegate.swift in Sources */,
				BDA9A56C2BB2C13400193DAE /* ViewController_LifeCycle.xcdatamodeld in Sources */,
			);
			runOnlyForDeploymentPostprocessing = 0;
		};
/* End PBXSourcesBuildPhase section */

/* Begin PBXVariantGroup section */
		BDA9A5672BB2C13400193DAE /* Main.storyboard */ = {
			isa = PBXVariantGroup;
			children = (
				BDA9A5682BB2C13400193DAE /* Base */,
			);
			name = Main.storyboard;
			sourceTree = "<group>";
		};
		BDA9A56F2BB2C13500193DAE /* LaunchScreen.storyboard */ = {
			isa = PBXVariantGroup;
			children = (
				BDA9A5702BB2C13500193DAE /* Base */,
			);
			name = LaunchScreen.storyboard;
			sourceTree = "<group>";
		};
/* End PBXVariantGroup section */

/* Begin XCBuildConfiguration section */
		BDA9A5732BB2C13500193DAE /* Debug */ = {
			isa = XCBuildConfiguration;
			buildSettings = {
				ALWAYS_SEARCH_USER_PATHS = NO;
				ASSETCATALOG_COMPILER_GENERATE_SWIFT_ASSET_SYMBOL_EXTENSIONS = YES;
				CLANG_ANALYZER_NONNULL = YES;
				CLANG_ANALYZER_NUMBER_OBJECT_CONVERSION = YES_AGGRESSIVE;
				CLANG_CXX_LANGUAGE_STANDARD = "gnu++20";
				CLANG_ENABLE_MODULES = YES;
				CLANG_ENABLE_OBJC_ARC = YES;
				CLANG_ENABLE_OBJC_WEAK = YES;
				CLANG_WARN_BLOCK_CAPTURE_AUTORELEASING = YES;
				CLANG_WARN_BOOL_CONVERSION = YES;
				CLANG_WARN_COMMA = YES;
				CLANG_WARN_CONSTANT_CONVERSION = YES;
				CLANG_WARN_DEPRECATED_OBJC_IMPLEMENTATIONS = YES;
				CLANG_WARN_DIRECT_OBJC_ISA_USAGE = YES_ERROR;
				CLANG_WARN_DOCUMENTATION_COMMENTS = YES;
				CLANG_WARN_EMPTY_BODY = YES;
				CLANG_WARN_ENUM_CONVERSION = YES;
				CLANG_WARN_INFINITE_RECURSION = YES;
				CLANG_WARN_INT_CONVERSION = YES;
				CLANG_WARN_NON_LITERAL_NULL_CONVERSION = YES;
				CLANG_WARN_OBJC_IMPLICIT_RETAIN_SELF = YES;
				CLANG_WARN_OBJC_LITERAL_CONVERSION = YES;
				CLANG_WARN_OBJC_ROOT_CLASS = YES_ERROR;
				CLANG_WARN_QUOTED_INCLUDE_IN_FRAMEWORK_HEADER = YES;
				CLANG_WARN_RANGE_LOOP_ANALYSIS = YES;
				CLANG_WARN_STRICT_PROTOTYPES = YES;
				CLANG_WARN_SUSPICIOUS_MOVE = YES;
				CLANG_WARN_UNGUARDED_AVAILABILITY = YES_AGGRESSIVE;
				CLANG_WARN_UNREACHABLE_CODE = YES;
				CLANG_WARN__DUPLICATE_METHOD_MATCH = YES;
				COPY_PHASE_STRIP = NO;
				DEBUG_INFORMATION_FORMAT = dwarf;
				ENABLE_STRICT_OBJC_MSGSEND = YES;
				ENABLE_TESTABILITY = YES;
				ENABLE_USER_SCRIPT_SANDBOXING = YES;
				GCC_C_LANGUAGE_STANDARD = gnu17;
				GCC_DYNAMIC_NO_PIC = NO;
				GCC_NO_COMMON_BLOCKS = YES;
				GCC_OPTIMIZATION_LEVEL = 0;
				GCC_PREPROCESSOR_DEFINITIONS = (
					"DEBUG=1",
					"$(inherited)",
				);
				GCC_WARN_64_TO_32_BIT_CONVERSION = YES;
				GCC_WARN_ABOUT_RETURN_TYPE = YES_ERROR;
				GCC_WARN_UNDECLARED_SELECTOR = YES;
				GCC_WARN_UNINITIALIZED_AUTOS = YES_AGGRESSIVE;
				GCC_WARN_UNUSED_FUNCTION = YES;
				GCC_WARN_UNUSED_VARIABLE = YES;
				IPHONEOS_DEPLOYMENT_TARGET = 17.4;
				LOCALIZATION_PREFERS_STRING_CATALOGS = YES;
				MTL_ENABLE_DEBUG_INFO = INCLUDE_SOURCE;
				MTL_FAST_MATH = YES;
				ONLY_ACTIVE_ARCH = YES;
				SDKROOT = iphoneos;
				SWIFT_ACTIVE_COMPILATION_CONDITIONS = "DEBUG $(inherited)";
				SWIFT_OPTIMIZATION_LEVEL = "-Onone";
			};
			name = Debug;
		};
		BDA9A5742BB2C13500193DAE /* Release */ = {
			isa = XCBuildConfiguration;
			buildSettings = {
				ALWAYS_SEARCH_USER_PATHS = NO;
				ASSETCATALOG_COMPILER_GENERATE_SWIFT_ASSET_SYMBOL_EXTENSIONS = YES;
				CLANG_ANALYZER_NONNULL = YES;
				CLANG_ANALYZER_NUMBER_OBJECT_CONVERSION = YES_AGGRESSIVE;
				CLANG_CXX_LANGUAGE_STANDARD = "gnu++20";
				CLANG_ENABLE_MODULES = YES;
				CLANG_ENABLE_OBJC_ARC = YES;
				CLANG_ENABLE_OBJC_WEAK = YES;
				CLANG_WARN_BLOCK_CAPTURE_AUTORELEASING = YES;
				CLANG_WARN_BOOL_CONVERSION = YES;
				CLANG_WARN_COMMA = YES;
				CLANG_WARN_CONSTANT_CONVERSION = YES;
				CLANG_WARN_DEPRECATED_OBJC_IMPLEMENTATIONS = YES;
				CLANG_WARN_DIRECT_OBJC_ISA_USAGE = YES_ERROR;
				CLANG_WARN_DOCUMENTATION_COMMENTS = YES;
				CLANG_WARN_EMPTY_BODY = YES;
				CLANG_WARN_ENUM_CONVERSION = YES;
				CLANG_WARN_INFINITE_RECURSION = YES;
				CLANG_WARN_INT_CONVERSION = YES;
				CLANG_WARN_NON_LITERAL_NULL_CONVERSION = YES;
				CLANG_WARN_OBJC_IMPLICIT_RETAIN_SELF = YES;
				CLANG_WARN_OBJC_LITERAL_CONVERSION = YES;
				CLANG_WARN_OBJC_ROOT_CLASS = YES_ERROR;
				CLANG_WARN_QUOTED_INCLUDE_IN_FRAMEWORK_HEADER = YES;
				CLANG_WARN_RANGE_LOOP_ANALYSIS = YES;
				CLANG_WARN_STRICT_PROTOTYPES = YES;
				CLANG_WARN_SUSPICIOUS_MOVE = YES;
				CLANG_WARN_UNGUARDED_AVAILABILITY = YES_AGGRESSIVE;
				CLANG_WARN_UNREACHABLE_CODE = YES;
				CLANG_WARN__DUPLICATE_METHOD_MATCH = YES;
				COPY_PHASE_STRIP = NO;
				DEBUG_INFORMATION_FORMAT = "dwarf-with-dsym";
				ENABLE_NS_ASSERTIONS = NO;
				ENABLE_STRICT_OBJC_MSGSEND = YES;
				ENABLE_USER_SCRIPT_SANDBOXING = YES;
				GCC_C_LANGUAGE_STANDARD = gnu17;
				GCC_NO_COMMON_BLOCKS = YES;
				GCC_WARN_64_TO_32_BIT_CONVERSION = YES;
				GCC_WARN_ABOUT_RETURN_TYPE = YES_ERROR;
				GCC_WARN_UNDECLARED_SELECTOR = YES;
				GCC_WARN_UNINITIALIZED_AUTOS = YES_AGGRESSIVE;
				GCC_WARN_UNUSED_FUNCTION = YES;
				GCC_WARN_UNUSED_VARIABLE = YES;
				IPHONEOS_DEPLOYMENT_TARGET = 17.4;
				LOCALIZATION_PREFERS_STRING_CATALOGS = YES;
				MTL_ENABLE_DEBUG_INFO = NO;
				MTL_FAST_MATH = YES;
				SDKROOT = iphoneos;
				SWIFT_COMPILATION_MODE = wholemodule;
				VALIDATE_PRODUCT = YES;
			};
			name = Release;
		};
		BDA9A5762BB2C13500193DAE /* Debug */ = {
			isa = XCBuildConfiguration;
			buildSettings = {
				ASSETCATALOG_COMPILER_APPICON_NAME = AppIcon;
				ASSETCATALOG_COMPILER_GLOBAL_ACCENT_COLOR_NAME = AccentColor;
				CODE_SIGN_STYLE = Automatic;
				CURRENT_PROJECT_VERSION = 1;
				DEVELOPMENT_TEAM = 5V8898Z33P;
				GENERATE_INFOPLIST_FILE = YES;
				INFOPLIST_FILE = ViewController_LifeCycle/Info.plist;
				INFOPLIST_KEY_UIApplicationSupportsIndirectInputEvents = YES;
				INFOPLIST_KEY_UILaunchStoryboardName = LaunchScreen;
				INFOPLIST_KEY_UIMainStoryboardFile = Main;
				INFOPLIST_KEY_UISupportedInterfaceOrientations_iPad = "UIInterfaceOrientationPortrait UIInterfaceOrientationPortraitUpsideDown UIInterfaceOrientationLandscapeLeft UIInterfaceOrientationLandscapeRight";
				INFOPLIST_KEY_UISupportedInterfaceOrientations_iPhone = "UIInterfaceOrientationPortrait UIInterfaceOrientationLandscapeLeft UIInterfaceOrientationLandscapeRight";
				LD_RUNPATH_SEARCH_PATHS = (
					"$(inherited)",
					"@executable_path/Frameworks",
				);
				MARKETING_VERSION = 1.0;
				PRODUCT_BUNDLE_IDENTIFIER = "com.junhyuk.ViewController-LifeCycle";
				PRODUCT_NAME = "$(TARGET_NAME)";
				SWIFT_EMIT_LOC_STRINGS = YES;
				SWIFT_VERSION = 5.0;
				TARGETED_DEVICE_FAMILY = "1,2";
			};
			name = Debug;
		};
		BDA9A5772BB2C13500193DAE /* Release */ = {
			isa = XCBuildConfiguration;
			buildSettings = {
				ASSETCATALOG_COMPILER_APPICON_NAME = AppIcon;
				ASSETCATALOG_COMPILER_GLOBAL_ACCENT_COLOR_NAME = AccentColor;
				CODE_SIGN_STYLE = Automatic;
				CURRENT_PROJECT_VERSION = 1;
				DEVELOPMENT_TEAM = 5V8898Z33P;
				GENERATE_INFOPLIST_FILE = YES;
				INFOPLIST_FILE = ViewController_LifeCycle/Info.plist;
				INFOPLIST_KEY_UIApplicationSupportsIndirectInputEvents = YES;
				INFOPLIST_KEY_UILaunchStoryboardName = LaunchScreen;
				INFOPLIST_KEY_UIMainStoryboardFile = Main;
				INFOPLIST_KEY_UISupportedInterfaceOrientations_iPad = "UIInterfaceOrientationPortrait UIInterfaceOrientationPortraitUpsideDown UIInterfaceOrientationLandscapeLeft UIInterfaceOrientationLandscapeRight";
				INFOPLIST_KEY_UISupportedInterfaceOrientations_iPhone = "UIInterfaceOrientationPortrait UIInterfaceOrientationLandscapeLeft UIInterfaceOrientationLandscapeRight";
				LD_RUNPATH_SEARCH_PATHS = (
					"$(inherited)",
					"@executable_path/Frameworks",
				);
				MARKETING_VERSION = 1.0;
				PRODUCT_BUNDLE_IDENTIFIER = "com.junhyuk.ViewController-LifeCycle";
				PRODUCT_NAME = "$(TARGET_NAME)";
				SWIFT_EMIT_LOC_STRINGS = YES;
				SWIFT_VERSION = 5.0;
				TARGETED_DEVICE_FAMILY = "1,2";
			};
			name = Release;
		};
/* End XCBuildConfiguration section */

/* Begin XCConfigurationList section */
		BDA9A5592BB2C13400193DAE /* Build configuration list for PBXProject "ViewController_LifeCycle" */ = {
			isa = XCConfigurationList;
			buildConfigurations = (
				BDA9A5732BB2C13500193DAE /* Debug */,
				BDA9A5742BB2C13500193DAE /* Release */,
			);
			defaultConfigurationIsVisible = 0;
			defaultConfigurationName = Release;
		};
		BDA9A5752BB2C13500193DAE /* Build configuration list for PBXNativeTarget "ViewController_LifeCycle" */ = {
			isa = XCConfigurationList;
			buildConfigurations = (
				BDA9A5762BB2C13500193DAE /* Debug */,
				BDA9A5772BB2C13500193DAE /* Release */,
			);
			defaultConfigurationIsVisible = 0;
			defaultConfigurationName = Release;
		};
/* End XCConfigurationList section */

/* Begin XCVersionGroup section */
		BDA9A56A2BB2C13400193DAE /* ViewController_LifeCycle.xcdatamodeld */ = {
			isa = XCVersionGroup;
			children = (
				BDA9A56B2BB2C13400193DAE /* ViewController_LifeCycle.xcdatamodel */,
			);
			currentVersion = BDA9A56B2BB2C13400193DAE /* ViewController_LifeCycle.xcdatamodel */;
			path = ViewController_LifeCycle.xcdatamodeld;
			sourceTree = "<group>";
			versionGroupType = wrapper.xcdatamodel;
		};
/* End XCVersionGroup section */
	};
	rootObject = BDA9A5562BB2C13300193DAE /* Project object */;
}
